
Microsoft Visual Studio Solution File, Format Version 12.00
# Visual Studio Version 17
VisualStudioVersion = 17.5.002.0
MinimumVisualStudioVersion = 10.0.40219.1
Project("{9A19103F-16F7-4668-BE54-9A1E7A4F7556}") = "build-web-api-aspnet-core", "build-web-api-aspnet-core.csproj", "{29AABC57-CA31-45A8-BF7F-8EAE992A2484}"
EndProject
Global
	GlobalSection(SolutionConfigurationPlatforms) = preSolution
		Debug|Any CPU = Debug|Any CPU
		Release|Any CPU = Release|Any CPU
	EndGlobalSection
	GlobalSection(ProjectConfigurationPlatforms) = postSolution
		{29AABC57-CA31-45A8-BF7F-8EAE992A2484}.Debug|Any CPU.ActiveCfg = Debug|Any CPU
		{29AABC57-CA31-45A8-BF7F-8EAE992A2484}.Debug|Any CPU.Build.0 = Debug|Any CPU
		{29AABC57-CA31-45A8-BF7F-8EAE992A2484}.Release|Any CPU.ActiveCfg = Release|Any CPU
		{29AABC57-CA31-45A8-BF7F-8EAE992A2484}.Release|Any CPU.Build.0 = Release|Any CPU
	EndGlobalSection
	GlobalSection(SolutionProperties) = preSolution
		HideSolutionNode = FALSE
	EndGlobalSection
	GlobalSection(ExtensibilityGlobals) = postSolution
		SolutionGuid = {D65621B8-E286-491C-A7A3-ECA5C09D3B82}
	EndGlobalSection
EndGlobal
